// !$*UTF8*$!
{
	archiveVersion = 1;
	classes = {
	};
	objectVersion = 51;
	objects = {

/* Begin PBXBuildFile section */
		05E3F1773502BF3578265154 /* Pods_BreakingNews.framework in Frameworks */ = {isa = PBXBuildFile; fileRef = A36BB25CBEF7177A0FFF6990 /* Pods_BreakingNews.framework */; };
		72B0CEF7C828E89F0420375A /* Pods_BreakingNewsTests.framework in Frameworks */ = {isa = PBXBuildFile; fileRef = A97383FE372FA8778B54C5CC /* Pods_BreakingNewsTests.framework */; };
		8D20E713A36EFEF05F24EE13 /* Pods_BreakingNews_BreakingNewsUITests.framework in Frameworks */ = {isa = PBXBuildFile; fileRef = F5877A5E3E8383F670A8BB38 /* Pods_BreakingNews_BreakingNewsUITests.framework */; };
		993321FC277566D800896952 /* BottomButton.swift in Sources */ = {isa = PBXBuildFile; fileRef = 993321FB277566D800896952 /* BottomButton.swift */; };
		993321FF27756A1700896952 /* UIColor+Ext.swift in Sources */ = {isa = PBXBuildFile; fileRef = 993321FE27756A1700896952 /* UIColor+Ext.swift */; };
		993322022775CFB400896952 /* OnBoardingConstants.swift in Sources */ = {isa = PBXBuildFile; fileRef = 993322012775CFB400896952 /* OnBoardingConstants.swift */; };
		9933220A2775E3ED00896952 /* UserFavorite.swift in Sources */ = {isa = PBXBuildFile; fileRef = 993322092775E3ED00896952 /* UserFavorite.swift */; };
		9933220F2775EB7D00896952 /* UserDefaultsManager.swift in Sources */ = {isa = PBXBuildFile; fileRef = 9933220E2775EB7D00896952 /* UserDefaultsManager.swift */; };
		993322132775EC2E00896952 /* State.swift in Sources */ = {isa = PBXBuildFile; fileRef = 993322122775EC2E00896952 /* State.swift */; };
		993322152775F2CC00896952 /* UIViewController+Ext.swift in Sources */ = {isa = PBXBuildFile; fileRef = 993322142775F2CC00896952 /* UIViewController+Ext.swift */; };
		993322172776066E00896952 /* UITableView+Ext.swift in Sources */ = {isa = PBXBuildFile; fileRef = 993322162776066E00896952 /* UITableView+Ext.swift */; };
		9984B3C627753D1200EE0888 /* AppDelegate.swift in Sources */ = {isa = PBXBuildFile; fileRef = 9984B3C527753D1200EE0888 /* AppDelegate.swift */; };
		9984B3C827753D1200EE0888 /* SceneDelegate.swift in Sources */ = {isa = PBXBuildFile; fileRef = 9984B3C727753D1200EE0888 /* SceneDelegate.swift */; };
		9984B3CF27753D1500EE0888 /* Assets.xcassets in Resources */ = {isa = PBXBuildFile; fileRef = 9984B3CE27753D1500EE0888 /* Assets.xcassets */; };
		9984B3D227753D1500EE0888 /* LaunchScreen.storyboard in Resources */ = {isa = PBXBuildFile; fileRef = 9984B3D027753D1500EE0888 /* LaunchScreen.storyboard */; };
		9984B3DD27753D1500EE0888 /* BreakingNewsTests.swift in Sources */ = {isa = PBXBuildFile; fileRef = 9984B3DC27753D1500EE0888 /* BreakingNewsTests.swift */; };
		9984B3E827753D1500EE0888 /* BreakingNewsUITests.swift in Sources */ = {isa = PBXBuildFile; fileRef = 9984B3E727753D1500EE0888 /* BreakingNewsUITests.swift */; };
		998854082775FC2500D493D2 /* ShadowCorneredView.swift in Sources */ = {isa = PBXBuildFile; fileRef = 998854072775FC2500D493D2 /* ShadowCorneredView.swift */; };
		9988540C2775FC6700D493D2 /* NewsTableViewCell.swift in Sources */ = {isa = PBXBuildFile; fileRef = 9988540A2775FC6700D493D2 /* NewsTableViewCell.swift */; };
		9988540D2775FC6700D493D2 /* NewsTableViewCell.xib in Resources */ = {isa = PBXBuildFile; fileRef = 9988540B2775FC6700D493D2 /* NewsTableViewCell.xib */; };
		99B849782775453800D43BB0 /* OnBoardingViewController.swift in Sources */ = {isa = PBXBuildFile; fileRef = 99B849762775453800D43BB0 /* OnBoardingViewController.swift */; };
		99B849792775453800D43BB0 /* OnBoardingViewController.xib in Resources */ = {isa = PBXBuildFile; fileRef = 99B849772775453800D43BB0 /* OnBoardingViewController.xib */; };
		99B8497B2775455B00D43BB0 /* OnBoardingViewModel.swift in Sources */ = {isa = PBXBuildFile; fileRef = 99B8497A2775455B00D43BB0 /* OnBoardingViewModel.swift */; };
		99B849812775462800D43BB0 /* HomeViewController.swift in Sources */ = {isa = PBXBuildFile; fileRef = 99B8497F2775462800D43BB0 /* HomeViewController.swift */; };
		99B849822775462800D43BB0 /* HomeViewController.xib in Resources */ = {isa = PBXBuildFile; fileRef = 99B849802775462800D43BB0 /* HomeViewController.xib */; };
		99B849842775464000D43BB0 /* HomeViewModel.swift in Sources */ = {isa = PBXBuildFile; fileRef = 99B849832775464000D43BB0 /* HomeViewModel.swift */; };
		99B8498A277547E500D43BB0 /* DetailsViewController.swift in Sources */ = {isa = PBXBuildFile; fileRef = 99B84988277547E500D43BB0 /* DetailsViewController.swift */; };
		99B8498B277547E500D43BB0 /* DetailsViewController.xib in Resources */ = {isa = PBXBuildFile; fileRef = 99B84989277547E500D43BB0 /* DetailsViewController.xib */; };
		99B8498D277547FF00D43BB0 /* DetailsViewModel.swift in Sources */ = {isa = PBXBuildFile; fileRef = 99B8498C277547FF00D43BB0 /* DetailsViewModel.swift */; };
		99B849952775574C00D43BB0 /* CustomDropDown.swift in Sources */ = {isa = PBXBuildFile; fileRef = 99B849942775574C00D43BB0 /* CustomDropDown.swift */; };
		99BDE29C2776194F000140B3 /* Requestable.swift in Sources */ = {isa = PBXBuildFile; fileRef = 99BDE29B2776194F000140B3 /* Requestable.swift */; };
		99BDE29E2776199D000140B3 /* ApiHandler.swift in Sources */ = {isa = PBXBuildFile; fileRef = 99BDE29D2776199D000140B3 /* ApiHandler.swift */; };
		99C9EDC327761EBF00C96A31 /* NetworkConstants.swift in Sources */ = {isa = PBXBuildFile; fileRef = 99C9EDC227761EBF00C96A31 /* NetworkConstants.swift */; };
		99C9EDC727761FE200C96A31 /* HomeNetworking.swift in Sources */ = {isa = PBXBuildFile; fileRef = 99C9EDC627761FE200C96A31 /* HomeNetworking.swift */; };
		99C9EDCE277621A300C96A31 /* HeadlineArticleParameters.swift in Sources */ = {isa = PBXBuildFile; fileRef = 99C9EDCD277621A300C96A31 /* HeadlineArticleParameters.swift */; };
		99C9EDD0277624E200C96A31 /* Encodable+Ext.swift in Sources */ = {isa = PBXBuildFile; fileRef = 99C9EDCF277624E200C96A31 /* Encodable+Ext.swift */; };
		99C9EDD227762B8900C96A31 /* HomeDataProvider.swift in Sources */ = {isa = PBXBuildFile; fileRef = 99C9EDD127762B8900C96A31 /* HomeDataProvider.swift */; };
		99C9EDD42776317500C96A31 /* ArticleResponse.swift in Sources */ = {isa = PBXBuildFile; fileRef = 99C9EDD32776317500C96A31 /* ArticleResponse.swift */; };
		99C9EDD6277679E000C96A31 /* UIImageView+Ext.swift in Sources */ = {isa = PBXBuildFile; fileRef = 99C9EDD5277679E000C96A31 /* UIImageView+Ext.swift */; };
/* End PBXBuildFile section */

/* Begin PBXContainerItemProxy section */
		9984B3D927753D1500EE0888 /* PBXContainerItemProxy */ = {
			isa = PBXContainerItemProxy;
			containerPortal = 9984B3BA27753D1200EE0888 /* Project object */;
			proxyType = 1;
			remoteGlobalIDString = 9984B3C127753D1200EE0888;
			remoteInfo = BreakingNews;
		};
		9984B3E427753D1500EE0888 /* PBXContainerItemProxy */ = {
			isa = PBXContainerItemProxy;
			containerPortal = 9984B3BA27753D1200EE0888 /* Project object */;
			proxyType = 1;
			remoteGlobalIDString = 9984B3C127753D1200EE0888;
			remoteInfo = BreakingNews;
		};
/* End PBXContainerItemProxy section */

/* Begin PBXFileReference section */
		11EBC8300720F530C10D0D4D /* Pods-BreakingNews.debug.xcconfig */ = {isa = PBXFileReference; includeInIndex = 1; lastKnownFileType = text.xcconfig; name = "Pods-BreakingNews.debug.xcconfig"; path = "Target Support Files/Pods-BreakingNews/Pods-BreakingNews.debug.xcconfig"; sourceTree = "<group>"; };
		73B168E15DF4F3EDF1867EA4 /* Pods-BreakingNewsTests.debug.xcconfig */ = {isa = PBXFileReference; includeInIndex = 1; lastKnownFileType = text.xcconfig; name = "Pods-BreakingNewsTests.debug.xcconfig"; path = "Target Support Files/Pods-BreakingNewsTests/Pods-BreakingNewsTests.debug.xcconfig"; sourceTree = "<group>"; };
		77D186B313FB135D3C0DC3DE /* Pods-BreakingNewsTests.release.xcconfig */ = {isa = PBXFileReference; includeInIndex = 1; lastKnownFileType = text.xcconfig; name = "Pods-BreakingNewsTests.release.xcconfig"; path = "Target Support Files/Pods-BreakingNewsTests/Pods-BreakingNewsTests.release.xcconfig"; sourceTree = "<group>"; };
		8513E3848D53E3A15C964F53 /* Pods-BreakingNews-BreakingNewsUITests.debug.xcconfig */ = {isa = PBXFileReference; includeInIndex = 1; lastKnownFileType = text.xcconfig; name = "Pods-BreakingNews-BreakingNewsUITests.debug.xcconfig"; path = "Target Support Files/Pods-BreakingNews-BreakingNewsUITests/Pods-BreakingNews-BreakingNewsUITests.debug.xcconfig"; sourceTree = "<group>"; };
		95432E0151E34AC0DB07C475 /* Pods-BreakingNews.release.xcconfig */ = {isa = PBXFileReference; includeInIndex = 1; lastKnownFileType = text.xcconfig; name = "Pods-BreakingNews.release.xcconfig"; path = "Target Support Files/Pods-BreakingNews/Pods-BreakingNews.release.xcconfig"; sourceTree = "<group>"; };
		993321FB277566D800896952 /* BottomButton.swift */ = {isa = PBXFileReference; lastKnownFileType = sourcecode.swift; path = BottomButton.swift; sourceTree = "<group>"; };
		993321FE27756A1700896952 /* UIColor+Ext.swift */ = {isa = PBXFileReference; lastKnownFileType = sourcecode.swift; path = "UIColor+Ext.swift"; sourceTree = "<group>"; };
		993322012775CFB400896952 /* OnBoardingConstants.swift */ = {isa = PBXFileReference; lastKnownFileType = sourcecode.swift; path = OnBoardingConstants.swift; sourceTree = "<group>"; };
		993322092775E3ED00896952 /* UserFavorite.swift */ = {isa = PBXFileReference; lastKnownFileType = sourcecode.swift; path = UserFavorite.swift; sourceTree = "<group>"; };
		9933220E2775EB7D00896952 /* UserDefaultsManager.swift */ = {isa = PBXFileReference; lastKnownFileType = sourcecode.swift; path = UserDefaultsManager.swift; sourceTree = "<group>"; };
		993322122775EC2E00896952 /* State.swift */ = {isa = PBXFileReference; lastKnownFileType = sourcecode.swift; path = State.swift; sourceTree = "<group>"; };
		993322142775F2CC00896952 /* UIViewController+Ext.swift */ = {isa = PBXFileReference; lastKnownFileType = sourcecode.swift; path = "UIViewController+Ext.swift"; sourceTree = "<group>"; };
		993322162776066E00896952 /* UITableView+Ext.swift */ = {isa = PBXFileReference; lastKnownFileType = sourcecode.swift; path = "UITableView+Ext.swift"; sourceTree = "<group>"; };
		9984B3C227753D1200EE0888 /* BreakingNews.app */ = {isa = PBXFileReference; explicitFileType = wrapper.application; includeInIndex = 0; path = BreakingNews.app; sourceTree = BUILT_PRODUCTS_DIR; };
		9984B3C527753D1200EE0888 /* AppDelegate.swift */ = {isa = PBXFileReference; lastKnownFileType = sourcecode.swift; path = AppDelegate.swift; sourceTree = "<group>"; };
		9984B3C727753D1200EE0888 /* SceneDelegate.swift */ = {isa = PBXFileReference; lastKnownFileType = sourcecode.swift; path = SceneDelegate.swift; sourceTree = "<group>"; };
		9984B3CE27753D1500EE0888 /* Assets.xcassets */ = {isa = PBXFileReference; lastKnownFileType = folder.assetcatalog; path = Assets.xcassets; sourceTree = "<group>"; };
		9984B3D127753D1500EE0888 /* Base */ = {isa = PBXFileReference; lastKnownFileType = file.storyboard; name = Base; path = Base.lproj/LaunchScreen.storyboard; sourceTree = "<group>"; };
		9984B3D327753D1500EE0888 /* Info.plist */ = {isa = PBXFileReference; lastKnownFileType = text.plist.xml; path = Info.plist; sourceTree = "<group>"; };
		9984B3D827753D1500EE0888 /* BreakingNewsTests.xctest */ = {isa = PBXFileReference; explicitFileType = wrapper.cfbundle; includeInIndex = 0; path = BreakingNewsTests.xctest; sourceTree = BUILT_PRODUCTS_DIR; };
		9984B3DC27753D1500EE0888 /* BreakingNewsTests.swift */ = {isa = PBXFileReference; lastKnownFileType = sourcecode.swift; path = BreakingNewsTests.swift; sourceTree = "<group>"; };
		9984B3DE27753D1500EE0888 /* Info.plist */ = {isa = PBXFileReference; lastKnownFileType = text.plist.xml; path = Info.plist; sourceTree = "<group>"; };
		9984B3E327753D1500EE0888 /* BreakingNewsUITests.xctest */ = {isa = PBXFileReference; explicitFileType = wrapper.cfbundle; includeInIndex = 0; path = BreakingNewsUITests.xctest; sourceTree = BUILT_PRODUCTS_DIR; };
		9984B3E727753D1500EE0888 /* BreakingNewsUITests.swift */ = {isa = PBXFileReference; lastKnownFileType = sourcecode.swift; path = BreakingNewsUITests.swift; sourceTree = "<group>"; };
		9984B3E927753D1500EE0888 /* Info.plist */ = {isa = PBXFileReference; lastKnownFileType = text.plist.xml; path = Info.plist; sourceTree = "<group>"; };
		998854072775FC2500D493D2 /* ShadowCorneredView.swift */ = {isa = PBXFileReference; lastKnownFileType = sourcecode.swift; path = ShadowCorneredView.swift; sourceTree = "<group>"; };
		9988540A2775FC6700D493D2 /* NewsTableViewCell.swift */ = {isa = PBXFileReference; lastKnownFileType = sourcecode.swift; path = NewsTableViewCell.swift; sourceTree = "<group>"; };
		9988540B2775FC6700D493D2 /* NewsTableViewCell.xib */ = {isa = PBXFileReference; lastKnownFileType = file.xib; path = NewsTableViewCell.xib; sourceTree = "<group>"; };
		99B849762775453800D43BB0 /* OnBoardingViewController.swift */ = {isa = PBXFileReference; lastKnownFileType = sourcecode.swift; path = OnBoardingViewController.swift; sourceTree = "<group>"; };
		99B849772775453800D43BB0 /* OnBoardingViewController.xib */ = {isa = PBXFileReference; lastKnownFileType = file.xib; path = OnBoardingViewController.xib; sourceTree = "<group>"; };
		99B8497A2775455B00D43BB0 /* OnBoardingViewModel.swift */ = {isa = PBXFileReference; lastKnownFileType = sourcecode.swift; path = OnBoardingViewModel.swift; sourceTree = "<group>"; };
		99B8497F2775462800D43BB0 /* HomeViewController.swift */ = {isa = PBXFileReference; lastKnownFileType = sourcecode.swift; path = HomeViewController.swift; sourceTree = "<group>"; };
		99B849802775462800D43BB0 /* HomeViewController.xib */ = {isa = PBXFileReference; lastKnownFileType = file.xib; path = HomeViewController.xib; sourceTree = "<group>"; };
		99B849832775464000D43BB0 /* HomeViewModel.swift */ = {isa = PBXFileReference; lastKnownFileType = sourcecode.swift; path = HomeViewModel.swift; sourceTree = "<group>"; };
		99B84988277547E500D43BB0 /* DetailsViewController.swift */ = {isa = PBXFileReference; lastKnownFileType = sourcecode.swift; path = DetailsViewController.swift; sourceTree = "<group>"; };
		99B84989277547E500D43BB0 /* DetailsViewController.xib */ = {isa = PBXFileReference; lastKnownFileType = file.xib; path = DetailsViewController.xib; sourceTree = "<group>"; };
		99B8498C277547FF00D43BB0 /* DetailsViewModel.swift */ = {isa = PBXFileReference; lastKnownFileType = sourcecode.swift; path = DetailsViewModel.swift; sourceTree = "<group>"; };
		99B849942775574C00D43BB0 /* CustomDropDown.swift */ = {isa = PBXFileReference; lastKnownFileType = sourcecode.swift; path = CustomDropDown.swift; sourceTree = "<group>"; };
		99BDE29B2776194F000140B3 /* Requestable.swift */ = {isa = PBXFileReference; lastKnownFileType = sourcecode.swift; path = Requestable.swift; sourceTree = "<group>"; };
		99BDE29D2776199D000140B3 /* ApiHandler.swift */ = {isa = PBXFileReference; lastKnownFileType = sourcecode.swift; path = ApiHandler.swift; sourceTree = "<group>"; };
		99C9EDC227761EBF00C96A31 /* NetworkConstants.swift */ = {isa = PBXFileReference; lastKnownFileType = sourcecode.swift; path = NetworkConstants.swift; sourceTree = "<group>"; };
		99C9EDC627761FE200C96A31 /* HomeNetworking.swift */ = {isa = PBXFileReference; lastKnownFileType = sourcecode.swift; path = HomeNetworking.swift; sourceTree = "<group>"; };
		99C9EDCD277621A300C96A31 /* HeadlineArticleParameters.swift */ = {isa = PBXFileReference; lastKnownFileType = sourcecode.swift; path = HeadlineArticleParameters.swift; sourceTree = "<group>"; };
		99C9EDCF277624E200C96A31 /* Encodable+Ext.swift */ = {isa = PBXFileReference; lastKnownFileType = sourcecode.swift; path = "Encodable+Ext.swift"; sourceTree = "<group>"; };
		99C9EDD127762B8900C96A31 /* HomeDataProvider.swift */ = {isa = PBXFileReference; lastKnownFileType = sourcecode.swift; path = HomeDataProvider.swift; sourceTree = "<group>"; };
		99C9EDD32776317500C96A31 /* ArticleResponse.swift */ = {isa = PBXFileReference; lastKnownFileType = sourcecode.swift; path = ArticleResponse.swift; sourceTree = "<group>"; };
		99C9EDD5277679E000C96A31 /* UIImageView+Ext.swift */ = {isa = PBXFileReference; lastKnownFileType = sourcecode.swift; path = "UIImageView+Ext.swift"; sourceTree = "<group>"; };
		9C93357962E5DB6DCAE84C46 /* Pods-BreakingNews-BreakingNewsUITests.release.xcconfig */ = {isa = PBXFileReference; includeInIndex = 1; lastKnownFileType = text.xcconfig; name = "Pods-BreakingNews-BreakingNewsUITests.release.xcconfig"; path = "Target Support Files/Pods-BreakingNews-BreakingNewsUITests/Pods-BreakingNews-BreakingNewsUITests.release.xcconfig"; sourceTree = "<group>"; };
		A36BB25CBEF7177A0FFF6990 /* Pods_BreakingNews.framework */ = {isa = PBXFileReference; explicitFileType = wrapper.framework; includeInIndex = 0; path = Pods_BreakingNews.framework; sourceTree = BUILT_PRODUCTS_DIR; };
		A97383FE372FA8778B54C5CC /* Pods_BreakingNewsTests.framework */ = {isa = PBXFileReference; explicitFileType = wrapper.framework; includeInIndex = 0; path = Pods_BreakingNewsTests.framework; sourceTree = BUILT_PRODUCTS_DIR; };
		F5877A5E3E8383F670A8BB38 /* Pods_BreakingNews_BreakingNewsUITests.framework */ = {isa = PBXFileReference; explicitFileType = wrapper.framework; includeInIndex = 0; path = Pods_BreakingNews_BreakingNewsUITests.framework; sourceTree = BUILT_PRODUCTS_DIR; };
/* End PBXFileReference section */

/* Begin PBXFrameworksBuildPhase section */
		9984B3BF27753D1200EE0888 /* Frameworks */ = {
			isa = PBXFrameworksBuildPhase;
			buildActionMask = 2147483647;
			files = (
				05E3F1773502BF3578265154 /* Pods_BreakingNews.framework in Frameworks */,
			);
			runOnlyForDeploymentPostprocessing = 0;
		};
		9984B3D527753D1500EE0888 /* Frameworks */ = {
			isa = PBXFrameworksBuildPhase;
			buildActionMask = 2147483647;
			files = (
				72B0CEF7C828E89F0420375A /* Pods_BreakingNewsTests.framework in Frameworks */,
			);
			runOnlyForDeploymentPostprocessing = 0;
		};
		9984B3E027753D1500EE0888 /* Frameworks */ = {
			isa = PBXFrameworksBuildPhase;
			buildActionMask = 2147483647;
			files = (
				8D20E713A36EFEF05F24EE13 /* Pods_BreakingNews_BreakingNewsUITests.framework in Frameworks */,
			);
			runOnlyForDeploymentPostprocessing = 0;
		};
/* End PBXFrameworksBuildPhase section */

/* Begin PBXGroup section */
		0F1E4DF16724A49C0F62D862 /* Frameworks */ = {
			isa = PBXGroup;
			children = (
				A36BB25CBEF7177A0FFF6990 /* Pods_BreakingNews.framework */,
				F5877A5E3E8383F670A8BB38 /* Pods_BreakingNews_BreakingNewsUITests.framework */,
				A97383FE372FA8778B54C5CC /* Pods_BreakingNewsTests.framework */,
			);
			name = Frameworks;
			sourceTree = "<group>";
		};
		74698F8F546161A6FE9B85F4 /* Pods */ = {
			isa = PBXGroup;
			children = (
				11EBC8300720F530C10D0D4D /* Pods-BreakingNews.debug.xcconfig */,
				95432E0151E34AC0DB07C475 /* Pods-BreakingNews.release.xcconfig */,
				8513E3848D53E3A15C964F53 /* Pods-BreakingNews-BreakingNewsUITests.debug.xcconfig */,
				9C93357962E5DB6DCAE84C46 /* Pods-BreakingNews-BreakingNewsUITests.release.xcconfig */,
				73B168E15DF4F3EDF1867EA4 /* Pods-BreakingNewsTests.debug.xcconfig */,
				77D186B313FB135D3C0DC3DE /* Pods-BreakingNewsTests.release.xcconfig */,
			);
			path = Pods;
			sourceTree = "<group>";
		};
		993321FA277566A300896952 /* BottomButton */ = {
			isa = PBXGroup;
			children = (
				993321FB277566D800896952 /* BottomButton.swift */,
			);
			path = BottomButton;
			sourceTree = "<group>";
		};
		993321FD277569F700896952 /* Extensions */ = {
			isa = PBXGroup;
			children = (
				993321FE27756A1700896952 /* UIColor+Ext.swift */,
				993322142775F2CC00896952 /* UIViewController+Ext.swift */,
				993322162776066E00896952 /* UITableView+Ext.swift */,
				99C9EDCF277624E200C96A31 /* Encodable+Ext.swift */,
				99C9EDD5277679E000C96A31 /* UIImageView+Ext.swift */,
			);
			path = Extensions;
			sourceTree = "<group>";
		};
		993322002775CF7D00896952 /* Constants */ = {
			isa = PBXGroup;
			children = (
				993322012775CFB400896952 /* OnBoardingConstants.swift */,
			);
			path = Constants;
			sourceTree = "<group>";
		};
		993322032775D32300896952 /* Model */ = {
			isa = PBXGroup;
			children = (
				993322092775E3ED00896952 /* UserFavorite.swift */,
			);
			path = Model;
			sourceTree = "<group>";
		};
		993322062775E34800896952 /* Managers */ = {
			isa = PBXGroup;
			children = (
				9933220E2775EB7D00896952 /* UserDefaultsManager.swift */,
			);
			path = Managers;
			sourceTree = "<group>";
		};
		993322112775EC2200896952 /* SharedProtocols */ = {
			isa = PBXGroup;
			children = (
				993322122775EC2E00896952 /* State.swift */,
			);
			path = SharedProtocols;
			sourceTree = "<group>";
		};
		9984B3B927753D1200EE0888 = {
			isa = PBXGroup;
			children = (
				9984B3C427753D1200EE0888 /* BreakingNews */,
				9984B3DB27753D1500EE0888 /* BreakingNewsTests */,
				9984B3E627753D1500EE0888 /* BreakingNewsUITests */,
				9984B3C327753D1200EE0888 /* Products */,
				74698F8F546161A6FE9B85F4 /* Pods */,
				0F1E4DF16724A49C0F62D862 /* Frameworks */,
			);
			sourceTree = "<group>";
		};
		9984B3C327753D1200EE0888 /* Products */ = {
			isa = PBXGroup;
			children = (
				9984B3C227753D1200EE0888 /* BreakingNews.app */,
				9984B3D827753D1500EE0888 /* BreakingNewsTests.xctest */,
				9984B3E327753D1500EE0888 /* BreakingNewsUITests.xctest */,
			);
			name = Products;
			sourceTree = "<group>";
		};
		9984B3C427753D1200EE0888 /* BreakingNews */ = {
			isa = PBXGroup;
			children = (
				99B849662775400800D43BB0 /* Delegates */,
				99BDE29A277618EE000140B3 /* Networking */,
				99B8496B2775417C00D43BB0 /* Features */,
				99B8496C2775419F00D43BB0 /* Helpers */,
				99B849672775401A00D43BB0 /* SupportingFiles */,
			);
			path = BreakingNews;
			sourceTree = "<group>";
		};
		9984B3DB27753D1500EE0888 /* BreakingNewsTests */ = {
			isa = PBXGroup;
			children = (
				9984B3DC27753D1500EE0888 /* BreakingNewsTests.swift */,
				9984B3DE27753D1500EE0888 /* Info.plist */,
			);
			path = BreakingNewsTests;
			sourceTree = "<group>";
		};
		9984B3E627753D1500EE0888 /* BreakingNewsUITests */ = {
			isa = PBXGroup;
			children = (
				9984B3E727753D1500EE0888 /* BreakingNewsUITests.swift */,
				9984B3E927753D1500EE0888 /* Info.plist */,
			);
			path = BreakingNewsUITests;
			sourceTree = "<group>";
		};
		998854042775FA1C00D493D2 /* Views */ = {
			isa = PBXGroup;
			children = (
				998854072775FC2500D493D2 /* ShadowCorneredView.swift */,
			);
			path = Views;
			sourceTree = "<group>";
		};
		998854092775FC4700D493D2 /* Cell */ = {
			isa = PBXGroup;
			children = (
				9988540A2775FC6700D493D2 /* NewsTableViewCell.swift */,
				9988540B2775FC6700D493D2 /* NewsTableViewCell.xib */,
			);
			path = Cell;
			sourceTree = "<group>";
		};
		99B849662775400800D43BB0 /* Delegates */ = {
			isa = PBXGroup;
			children = (
				9984B3C527753D1200EE0888 /* AppDelegate.swift */,
				9984B3C727753D1200EE0888 /* SceneDelegate.swift */,
			);
			path = Delegates;
			sourceTree = "<group>";
		};
		99B849672775401A00D43BB0 /* SupportingFiles */ = {
			isa = PBXGroup;
			children = (
				99B849682775402A00D43BB0 /* Assets */,
				99B849692775403700D43BB0 /* LaunchScreen */,
				99B8496A2775404300D43BB0 /* Plist */,
			);
			path = SupportingFiles;
			sourceTree = "<group>";
		};
		99B849682775402A00D43BB0 /* Assets */ = {
			isa = PBXGroup;
			children = (
				9984B3CE27753D1500EE0888 /* Assets.xcassets */,
			);
			path = Assets;
			sourceTree = "<group>";
		};
		99B849692775403700D43BB0 /* LaunchScreen */ = {
			isa = PBXGroup;
			children = (
				9984B3D027753D1500EE0888 /* LaunchScreen.storyboard */,
			);
			path = LaunchScreen;
			sourceTree = "<group>";
		};
		99B8496A2775404300D43BB0 /* Plist */ = {
			isa = PBXGroup;
			children = (
				9984B3D327753D1500EE0888 /* Info.plist */,
			);
			path = Plist;
			sourceTree = "<group>";
		};
		99B8496B2775417C00D43BB0 /* Features */ = {
			isa = PBXGroup;
			children = (
				99B84973277544FD00D43BB0 /* OnBoarding */,
				99B8497C277545ED00D43BB0 /* Home */,
				99B849852775466C00D43BB0 /* Details */,
			);
			path = Features;
			sourceTree = "<group>";
		};
		99B8496C2775419F00D43BB0 /* Helpers */ = {
			isa = PBXGroup;
			children = (
				993322112775EC2200896952 /* SharedProtocols */,
				993322062775E34800896952 /* Managers */,
				993321FD277569F700896952 /* Extensions */,
				99B849922775572300D43BB0 /* CustomUI */,
			);
			path = Helpers;
			sourceTree = "<group>";
		};
		99B84973277544FD00D43BB0 /* OnBoarding */ = {
			isa = PBXGroup;
			children = (
				993322032775D32300896952 /* Model */,
				99B849742775450900D43BB0 /* View */,
				99B849752775451600D43BB0 /* ViewModel */,
				993322002775CF7D00896952 /* Constants */,
			);
			path = OnBoarding;
			sourceTree = "<group>";
		};
		99B849742775450900D43BB0 /* View */ = {
			isa = PBXGroup;
			children = (
				99B849762775453800D43BB0 /* OnBoardingViewController.swift */,
				99B849772775453800D43BB0 /* OnBoardingViewController.xib */,
			);
			path = View;
			sourceTree = "<group>";
		};
		99B849752775451600D43BB0 /* ViewModel */ = {
			isa = PBXGroup;
			children = (
				99B8497A2775455B00D43BB0 /* OnBoardingViewModel.swift */,
			);
			path = ViewModel;
			sourceTree = "<group>";
		};
		99B8497C277545ED00D43BB0 /* Home */ = {
			isa = PBXGroup;
			children = (
				998854092775FC4700D493D2 /* Cell */,
				99C9EDC827761FEC00C96A31 /* UseCases */,
				99C9EDBE27761E4300C96A31 /* Model */,
				99B8497D277545FA00D43BB0 /* View */,
				99B8497E2775460100D43BB0 /* ViewModel */,
				99C9EDBF27761E6700C96A31 /* NetworkAPI */,
			);
			path = Home;
			sourceTree = "<group>";
		};
		99B8497D277545FA00D43BB0 /* View */ = {
			isa = PBXGroup;
			children = (
				99B8497F2775462800D43BB0 /* HomeViewController.swift */,
				99B849802775462800D43BB0 /* HomeViewController.xib */,
			);
			path = View;
			sourceTree = "<group>";
		};
		99B8497E2775460100D43BB0 /* ViewModel */ = {
			isa = PBXGroup;
			children = (
				99B849832775464000D43BB0 /* HomeViewModel.swift */,
			);
			path = ViewModel;
			sourceTree = "<group>";
		};
		99B849852775466C00D43BB0 /* Details */ = {
			isa = PBXGroup;
			children = (
				99B84986277547BF00D43BB0 /* View */,
				99B84987277547C400D43BB0 /* ViewModel */,
			);
			path = Details;
			sourceTree = "<group>";
		};
		99B84986277547BF00D43BB0 /* View */ = {
			isa = PBXGroup;
			children = (
				99B84988277547E500D43BB0 /* DetailsViewController.swift */,
				99B84989277547E500D43BB0 /* DetailsViewController.xib */,
			);
			path = View;
			sourceTree = "<group>";
		};
		99B84987277547C400D43BB0 /* ViewModel */ = {
			isa = PBXGroup;
			children = (
				99B8498C277547FF00D43BB0 /* DetailsViewModel.swift */,
			);
			path = ViewModel;
			sourceTree = "<group>";
		};
		99B849922775572300D43BB0 /* CustomUI */ = {
			isa = PBXGroup;
			children = (
				998854042775FA1C00D493D2 /* Views */,
				993321FA277566A300896952 /* BottomButton */,
				99B849932775573800D43BB0 /* CustomDropDown */,
			);
			path = CustomUI;
			sourceTree = "<group>";
		};
		99B849932775573800D43BB0 /* CustomDropDown */ = {
			isa = PBXGroup;
			children = (
				99B849942775574C00D43BB0 /* CustomDropDown.swift */,
			);
			path = CustomDropDown;
			sourceTree = "<group>";
		};
		99BDE29A277618EE000140B3 /* Networking */ = {
			isa = PBXGroup;
			children = (
				99BDE29B2776194F000140B3 /* Requestable.swift */,
				99BDE29D2776199D000140B3 /* ApiHandler.swift */,
				99C9EDC227761EBF00C96A31 /* NetworkConstants.swift */,
			);
			path = Networking;
			sourceTree = "<group>";
		};
		99C9EDBE27761E4300C96A31 /* Model */ = {
			isa = PBXGroup;
			children = (
				99C9EDC92776200200C96A31 /* Request */,
			);
			path = Model;
			sourceTree = "<group>";
		};
		99C9EDBF27761E6700C96A31 /* NetworkAPI */ = {
			isa = PBXGroup;
			children = (
				99C9EDC627761FE200C96A31 /* HomeNetworking.swift */,
			);
			path = NetworkAPI;
			sourceTree = "<group>";
		};
		99C9EDC827761FEC00C96A31 /* UseCases */ = {
			isa = PBXGroup;
			children = (
				99C9EDCC2776201C00C96A31 /* Response */,
				99C9EDD127762B8900C96A31 /* HomeDataProvider.swift */,
			);
			path = UseCases;
			sourceTree = "<group>";
		};
		99C9EDC92776200200C96A31 /* Request */ = {
			isa = PBXGroup;
			children = (
				99C9EDCD277621A300C96A31 /* HeadlineArticleParameters.swift */,
			);
			path = Request;
			sourceTree = "<group>";
		};
		99C9EDCC2776201C00C96A31 /* Response */ = {
			isa = PBXGroup;
			children = (
				99C9EDD32776317500C96A31 /* ArticleResponse.swift */,
			);
			path = Response;
			sourceTree = "<group>";
		};
/* End PBXGroup section */

/* Begin PBXNativeTarget section */
		9984B3C127753D1200EE0888 /* BreakingNews */ = {
			isa = PBXNativeTarget;
			buildConfigurationList = 9984B3EC27753D1500EE0888 /* Build configuration list for PBXNativeTarget "BreakingNews" */;
			buildPhases = (
				349ACBCD15CE36042BFC1506 /* [CP] Check Pods Manifest.lock */,
				9984B3BE27753D1200EE0888 /* Sources */,
				9984B3BF27753D1200EE0888 /* Frameworks */,
				9984B3C027753D1200EE0888 /* Resources */,
				198AE36070BE829058FBF789 /* [CP] Embed Pods Frameworks */,
			);
			buildRules = (
			);
			dependencies = (
			);
			name = BreakingNews;
			productName = BreakingNews;
			productReference = 9984B3C227753D1200EE0888 /* BreakingNews.app */;
			productType = "com.apple.product-type.application";
		};
		9984B3D727753D1500EE0888 /* BreakingNewsTests */ = {
			isa = PBXNativeTarget;
			buildConfigurationList = 9984B3EF27753D1500EE0888 /* Build configuration list for PBXNativeTarget "BreakingNewsTests" */;
			buildPhases = (
				76AA5B376E8882A8B800F1C8 /* [CP] Check Pods Manifest.lock */,
				9984B3D427753D1500EE0888 /* Sources */,
				9984B3D527753D1500EE0888 /* Frameworks */,
				9984B3D627753D1500EE0888 /* Resources */,
			);
			buildRules = (
			);
			dependencies = (
				9984B3DA27753D1500EE0888 /* PBXTargetDependency */,
			);
			name = BreakingNewsTests;
			productName = BreakingNewsTests;
			productReference = 9984B3D827753D1500EE0888 /* BreakingNewsTests.xctest */;
			productType = "com.apple.product-type.bundle.unit-test";
		};
		9984B3E227753D1500EE0888 /* BreakingNewsUITests */ = {
			isa = PBXNativeTarget;
			buildConfigurationList = 9984B3F227753D1500EE0888 /* Build configuration list for PBXNativeTarget "BreakingNewsUITests" */;
			buildPhases = (
				DC29E1CC87A7F07D7F3F5F2D /* [CP] Check Pods Manifest.lock */,
				9984B3DF27753D1500EE0888 /* Sources */,
				9984B3E027753D1500EE0888 /* Frameworks */,
				9984B3E127753D1500EE0888 /* Resources */,
				A4D5B9C28D76193208A79F4D /* [CP] Embed Pods Frameworks */,
			);
			buildRules = (
			);
			dependencies = (
				9984B3E527753D1500EE0888 /* PBXTargetDependency */,
			);
			name = BreakingNewsUITests;
			productName = BreakingNewsUITests;
			productReference = 9984B3E327753D1500EE0888 /* BreakingNewsUITests.xctest */;
			productType = "com.apple.product-type.bundle.ui-testing";
		};
/* End PBXNativeTarget section */

/* Begin PBXProject section */
		9984B3BA27753D1200EE0888 /* Project object */ = {
			isa = PBXProject;
			attributes = {
				LastSwiftUpdateCheck = 1250;
				LastUpgradeCheck = 1250;
				TargetAttributes = {
					9984B3C127753D1200EE0888 = {
						CreatedOnToolsVersion = 12.5.1;
					};
					9984B3D727753D1500EE0888 = {
						CreatedOnToolsVersion = 12.5.1;
						TestTargetID = 9984B3C127753D1200EE0888;
					};
					9984B3E227753D1500EE0888 = {
						CreatedOnToolsVersion = 12.5.1;
						TestTargetID = 9984B3C127753D1200EE0888;
					};
				};
			};
			buildConfigurationList = 9984B3BD27753D1200EE0888 /* Build configuration list for PBXProject "BreakingNews" */;
			compatibilityVersion = "Xcode 9.3";
			developmentRegion = en;
			hasScannedForEncodings = 0;
			knownRegions = (
				en,
				Base,
			);
			mainGroup = 9984B3B927753D1200EE0888;
			productRefGroup = 9984B3C327753D1200EE0888 /* Products */;
			projectDirPath = "";
			projectRoot = "";
			targets = (
				9984B3C127753D1200EE0888 /* BreakingNews */,
				9984B3D727753D1500EE0888 /* BreakingNewsTests */,
				9984B3E227753D1500EE0888 /* BreakingNewsUITests */,
			);
		};
/* End PBXProject section */

/* Begin PBXResourcesBuildPhase section */
		9984B3C027753D1200EE0888 /* Resources */ = {
			isa = PBXResourcesBuildPhase;
			buildActionMask = 2147483647;
			files = (
				99B849792775453800D43BB0 /* OnBoardingViewController.xib in Resources */,
				9984B3D227753D1500EE0888 /* LaunchScreen.storyboard in Resources */,
				99B8498B277547E500D43BB0 /* DetailsViewController.xib in Resources */,
				9984B3CF27753D1500EE0888 /* Assets.xcassets in Resources */,
				9988540D2775FC6700D493D2 /* NewsTableViewCell.xib in Resources */,
				99B849822775462800D43BB0 /* HomeViewController.xib in Resources */,
			);
			runOnlyForDeploymentPostprocessing = 0;
		};
		9984B3D627753D1500EE0888 /* Resources */ = {
			isa = PBXResourcesBuildPhase;
			buildActionMask = 2147483647;
			files = (
			);
			runOnlyForDeploymentPostprocessing = 0;
		};
		9984B3E127753D1500EE0888 /* Resources */ = {
			isa = PBXResourcesBuildPhase;
			buildActionMask = 2147483647;
			files = (
			);
			runOnlyForDeploymentPostprocessing = 0;
		};
/* End PBXResourcesBuildPhase section */

/* Begin PBXShellScriptBuildPhase section */
		198AE36070BE829058FBF789 /* [CP] Embed Pods Frameworks */ = {
			isa = PBXShellScriptBuildPhase;
			buildActionMask = 2147483647;
			files = (
			);
			inputFileListPaths = (
				"${PODS_ROOT}/Target Support Files/Pods-BreakingNews/Pods-BreakingNews-frameworks-${CONFIGURATION}-input-files.xcfilelist",
			);
			name = "[CP] Embed Pods Frameworks";
			outputFileListPaths = (
				"${PODS_ROOT}/Target Support Files/Pods-BreakingNews/Pods-BreakingNews-frameworks-${CONFIGURATION}-output-files.xcfilelist",
			);
			runOnlyForDeploymentPostprocessing = 0;
			shellPath = /bin/sh;
			shellScript = "\"${PODS_ROOT}/Target Support Files/Pods-BreakingNews/Pods-BreakingNews-frameworks.sh\"\n";
			showEnvVarsInLog = 0;
		};
		349ACBCD15CE36042BFC1506 /* [CP] Check Pods Manifest.lock */ = {
			isa = PBXShellScriptBuildPhase;
			buildActionMask = 2147483647;
			files = (
			);
			inputFileListPaths = (
			);
			inputPaths = (
				"${PODS_PODFILE_DIR_PATH}/Podfile.lock",
				"${PODS_ROOT}/Manifest.lock",
			);
			name = "[CP] Check Pods Manifest.lock";
			outputFileListPaths = (
			);
			outputPaths = (
				"$(DERIVED_FILE_DIR)/Pods-BreakingNews-checkManifestLockResult.txt",
			);
			runOnlyForDeploymentPostprocessing = 0;
			shellPath = /bin/sh;
			shellScript = "diff \"${PODS_PODFILE_DIR_PATH}/Podfile.lock\" \"${PODS_ROOT}/Manifest.lock\" > /dev/null\nif [ $? != 0 ] ; then\n    # print error to STDERR\n    echo \"error: The sandbox is not in sync with the Podfile.lock. Run 'pod install' or update your CocoaPods installation.\" >&2\n    exit 1\nfi\n# This output is used by Xcode 'outputs' to avoid re-running this script phase.\necho \"SUCCESS\" > \"${SCRIPT_OUTPUT_FILE_0}\"\n";
			showEnvVarsInLog = 0;
		};
		76AA5B376E8882A8B800F1C8 /* [CP] Check Pods Manifest.lock */ = {
			isa = PBXShellScriptBuildPhase;
			buildActionMask = 2147483647;
			files = (
			);
			inputFileListPaths = (
			);
			inputPaths = (
				"${PODS_PODFILE_DIR_PATH}/Podfile.lock",
				"${PODS_ROOT}/Manifest.lock",
			);
			name = "[CP] Check Pods Manifest.lock";
			outputFileListPaths = (
			);
			outputPaths = (
				"$(DERIVED_FILE_DIR)/Pods-BreakingNewsTests-checkManifestLockResult.txt",
			);
			runOnlyForDeploymentPostprocessing = 0;
			shellPath = /bin/sh;
			shellScript = "diff \"${PODS_PODFILE_DIR_PATH}/Podfile.lock\" \"${PODS_ROOT}/Manifest.lock\" > /dev/null\nif [ $? != 0 ] ; then\n    # print error to STDERR\n    echo \"error: The sandbox is not in sync with the Podfile.lock. Run 'pod install' or update your CocoaPods installation.\" >&2\n    exit 1\nfi\n# This output is used by Xcode 'outputs' to avoid re-running this script phase.\necho \"SUCCESS\" > \"${SCRIPT_OUTPUT_FILE_0}\"\n";
			showEnvVarsInLog = 0;
		};
		A4D5B9C28D76193208A79F4D /* [CP] Embed Pods Frameworks */ = {
			isa = PBXShellScriptBuildPhase;
			buildActionMask = 2147483647;
			files = (
			);
			inputFileListPaths = (
				"${PODS_ROOT}/Target Support Files/Pods-BreakingNews-BreakingNewsUITests/Pods-BreakingNews-BreakingNewsUITests-frameworks-${CONFIGURATION}-input-files.xcfilelist",
			);
			name = "[CP] Embed Pods Frameworks";
			outputFileListPaths = (
				"${PODS_ROOT}/Target Support Files/Pods-BreakingNews-BreakingNewsUITests/Pods-BreakingNews-BreakingNewsUITests-frameworks-${CONFIGURATION}-output-files.xcfilelist",
			);
			runOnlyForDeploymentPostprocessing = 0;
			shellPath = /bin/sh;
			shellScript = "\"${PODS_ROOT}/Target Support Files/Pods-BreakingNews-BreakingNewsUITests/Pods-BreakingNews-BreakingNewsUITests-frameworks.sh\"\n";
			showEnvVarsInLog = 0;
		};
		DC29E1CC87A7F07D7F3F5F2D /* [CP] Check Pods Manifest.lock */ = {
			isa = PBXShellScriptBuildPhase;
			buildActionMask = 2147483647;
			files = (
			);
			inputFileListPaths = (
			);
			inputPaths = (
				"${PODS_PODFILE_DIR_PATH}/Podfile.lock",
				"${PODS_ROOT}/Manifest.lock",
			);
			name = "[CP] Check Pods Manifest.lock";
			outputFileListPaths = (
			);
			outputPaths = (
				"$(DERIVED_FILE_DIR)/Pods-BreakingNews-BreakingNewsUITests-checkManifestLockResult.txt",
			);
			runOnlyForDeploymentPostprocessing = 0;
			shellPath = /bin/sh;
			shellScript = "diff \"${PODS_PODFILE_DIR_PATH}/Podfile.lock\" \"${PODS_ROOT}/Manifest.lock\" > /dev/null\nif [ $? != 0 ] ; then\n    # print error to STDERR\n    echo \"error: The sandbox is not in sync with the Podfile.lock. Run 'pod install' or update your CocoaPods installation.\" >&2\n    exit 1\nfi\n# This output is used by Xcode 'outputs' to avoid re-running this script phase.\necho \"SUCCESS\" > \"${SCRIPT_OUTPUT_FILE_0}\"\n";
			showEnvVarsInLog = 0;
		};
/* End PBXShellScriptBuildPhase section */

/* Begin PBXSourcesBuildPhase section */
		9984B3BE27753D1200EE0888 /* Sources */ = {
			isa = PBXSourcesBuildPhase;
			buildActionMask = 2147483647;
			files = (
				99B849812775462800D43BB0 /* HomeViewController.swift in Sources */,
				99C9EDC727761FE200C96A31 /* HomeNetworking.swift in Sources */,
				99B849842775464000D43BB0 /* HomeViewModel.swift in Sources */,
				99B849782775453800D43BB0 /* OnBoardingViewController.swift in Sources */,
				99B8498D277547FF00D43BB0 /* DetailsViewModel.swift in Sources */,
				99BDE29E2776199D000140B3 /* ApiHandler.swift in Sources */,
				993321FF27756A1700896952 /* UIColor+Ext.swift in Sources */,
				99C9EDD227762B8900C96A31 /* HomeDataProvider.swift in Sources */,
				99BDE29C2776194F000140B3 /* Requestable.swift in Sources */,
				9933220A2775E3ED00896952 /* UserFavorite.swift in Sources */,
				993322172776066E00896952 /* UITableView+Ext.swift in Sources */,
				9984B3C627753D1200EE0888 /* AppDelegate.swift in Sources */,
				99B8498A277547E500D43BB0 /* DetailsViewController.swift in Sources */,
				99C9EDD0277624E200C96A31 /* Encodable+Ext.swift in Sources */,
				99C9EDD42776317500C96A31 /* ArticleResponse.swift in Sources */,
				9988540C2775FC6700D493D2 /* NewsTableViewCell.swift in Sources */,
				993322132775EC2E00896952 /* State.swift in Sources */,
				993321FC277566D800896952 /* BottomButton.swift in Sources */,
				993322022775CFB400896952 /* OnBoardingConstants.swift in Sources */,
				9933220F2775EB7D00896952 /* UserDefaultsManager.swift in Sources */,
				99C9EDD6277679E000C96A31 /* UIImageView+Ext.swift in Sources */,
				99B849952775574C00D43BB0 /* CustomDropDown.swift in Sources */,
				9984B3C827753D1200EE0888 /* SceneDelegate.swift in Sources */,
				993322152775F2CC00896952 /* UIViewController+Ext.swift in Sources */,
				99C9EDCE277621A300C96A31 /* HeadlineArticleParameters.swift in Sources */,
				998854082775FC2500D493D2 /* ShadowCorneredView.swift in Sources */,
				99B8497B2775455B00D43BB0 /* OnBoardingViewModel.swift in Sources */,
				99C9EDC327761EBF00C96A31 /* NetworkConstants.swift in Sources */,
			);
			runOnlyForDeploymentPostprocessing = 0;
		};
		9984B3D427753D1500EE0888 /* Sources */ = {
			isa = PBXSourcesBuildPhase;
			buildActionMask = 2147483647;
			files = (
				9984B3DD27753D1500EE0888 /* BreakingNewsTests.swift in Sources */,
			);
			runOnlyForDeploymentPostprocessing = 0;
		};
		9984B3DF27753D1500EE0888 /* Sources */ = {
			isa = PBXSourcesBuildPhase;
			buildActionMask = 2147483647;
			files = (
				9984B3E827753D1500EE0888 /* BreakingNewsUITests.swift in Sources */,
			);
			runOnlyForDeploymentPostprocessing = 0;
		};
/* End PBXSourcesBuildPhase section */

/* Begin PBXTargetDependency section */
		9984B3DA27753D1500EE0888 /* PBXTargetDependency */ = {
			isa = PBXTargetDependency;
			target = 9984B3C127753D1200EE0888 /* BreakingNews */;
			targetProxy = 9984B3D927753D1500EE0888 /* PBXContainerItemProxy */;
		};
		9984B3E527753D1500EE0888 /* PBXTargetDependency */ = {
			isa = PBXTargetDependency;
			target = 9984B3C127753D1200EE0888 /* BreakingNews */;
			targetProxy = 9984B3E427753D1500EE0888 /* PBXContainerItemProxy */;
		};
/* End PBXTargetDependency section */

/* Begin PBXVariantGroup section */
		9984B3D027753D1500EE0888 /* LaunchScreen.storyboard */ = {
			isa = PBXVariantGroup;
			children = (
				9984B3D127753D1500EE0888 /* Base */,
			);
			name = LaunchScreen.storyboard;
			sourceTree = "<group>";
		};
/* End PBXVariantGroup section */

/* Begin XCBuildConfiguration section */
		9984B3EA27753D1500EE0888 /* Debug */ = {
			isa = XCBuildConfiguration;
			buildSettings = {
				ALWAYS_SEARCH_USER_PATHS = NO;
				CLANG_ANALYZER_NONNULL = YES;
				CLANG_ANALYZER_NUMBER_OBJECT_CONVERSION = YES_AGGRESSIVE;
				CLANG_CXX_LANGUAGE_STANDARD = "gnu++14";
				CLANG_CXX_LIBRARY = "libc++";
				CLANG_ENABLE_MODULES = YES;
				CLANG_ENABLE_OBJC_ARC = YES;
				CLANG_ENABLE_OBJC_WEAK = YES;
				CLANG_WARN_BLOCK_CAPTURE_AUTORELEASING = YES;
				CLANG_WARN_BOOL_CONVERSION = YES;
				CLANG_WARN_COMMA = YES;
				CLANG_WARN_CONSTANT_CONVERSION = YES;
				CLANG_WARN_DEPRECATED_OBJC_IMPLEMENTATIONS = YES;
				CLANG_WARN_DIRECT_OBJC_ISA_USAGE = YES_ERROR;
				CLANG_WARN_DOCUMENTATION_COMMENTS = YES;
				CLANG_WARN_EMPTY_BODY = YES;
				CLANG_WARN_ENUM_CONVERSION = YES;
				CLANG_WARN_INFINITE_RECURSION = YES;
				CLANG_WARN_INT_CONVERSION = YES;
				CLANG_WARN_NON_LITERAL_NULL_CONVERSION = YES;
				CLANG_WARN_OBJC_IMPLICIT_RETAIN_SELF = YES;
				CLANG_WARN_OBJC_LITERAL_CONVERSION = YES;
				CLANG_WARN_OBJC_ROOT_CLASS = YES_ERROR;
				CLANG_WARN_QUOTED_INCLUDE_IN_FRAMEWORK_HEADER = YES;
				CLANG_WARN_RANGE_LOOP_ANALYSIS = YES;
				CLANG_WARN_STRICT_PROTOTYPES = YES;
				CLANG_WARN_SUSPICIOUS_MOVE = YES;
				CLANG_WARN_UNGUARDED_AVAILABILITY = YES_AGGRESSIVE;
				CLANG_WARN_UNREACHABLE_CODE = YES;
				CLANG_WARN__DUPLICATE_METHOD_MATCH = YES;
				COPY_PHASE_STRIP = NO;
				DEBUG_INFORMATION_FORMAT = dwarf;
				ENABLE_STRICT_OBJC_MSGSEND = YES;
				ENABLE_TESTABILITY = YES;
				GCC_C_LANGUAGE_STANDARD = gnu11;
				GCC_DYNAMIC_NO_PIC = NO;
				GCC_NO_COMMON_BLOCKS = YES;
				GCC_OPTIMIZATION_LEVEL = 0;
				GCC_PREPROCESSOR_DEFINITIONS = (
					"DEBUG=1",
					"$(inherited)",
				);
				GCC_WARN_64_TO_32_BIT_CONVERSION = YES;
				GCC_WARN_ABOUT_RETURN_TYPE = YES_ERROR;
				GCC_WARN_UNDECLARED_SELECTOR = YES;
				GCC_WARN_UNINITIALIZED_AUTOS = YES_AGGRESSIVE;
				GCC_WARN_UNUSED_FUNCTION = YES;
				GCC_WARN_UNUSED_VARIABLE = YES;
				IPHONEOS_DEPLOYMENT_TARGET = 13.0;
				MTL_ENABLE_DEBUG_INFO = INCLUDE_SOURCE;
				MTL_FAST_MATH = YES;
				ONLY_ACTIVE_ARCH = YES;
				SDKROOT = iphoneos;
				SWIFT_ACTIVE_COMPILATION_CONDITIONS = DEBUG;
				SWIFT_OPTIMIZATION_LEVEL = "-Onone";
			};
			name = Debug;
		};
		9984B3EB27753D1500EE0888 /* Release */ = {
			isa = XCBuildConfiguration;
			buildSettings = {
				ALWAYS_SEARCH_USER_PATHS = NO;
				CLANG_ANALYZER_NONNULL = YES;
				CLANG_ANALYZER_NUMBER_OBJECT_CONVERSION = YES_AGGRESSIVE;
				CLANG_CXX_LANGUAGE_STANDARD = "gnu++14";
				CLANG_CXX_LIBRARY = "libc++";
				CLANG_ENABLE_MODULES = YES;
				CLANG_ENABLE_OBJC_ARC = YES;
				CLANG_ENABLE_OBJC_WEAK = YES;
				CLANG_WARN_BLOCK_CAPTURE_AUTORELEASING = YES;
				CLANG_WARN_BOOL_CONVERSION = YES;
				CLANG_WARN_COMMA = YES;
				CLANG_WARN_CONSTANT_CONVERSION = YES;
				CLANG_WARN_DEPRECATED_OBJC_IMPLEMENTATIONS = YES;
				CLANG_WARN_DIRECT_OBJC_ISA_USAGE = YES_ERROR;
				CLANG_WARN_DOCUMENTATION_COMMENTS = YES;
				CLANG_WARN_EMPTY_BODY = YES;
				CLANG_WARN_ENUM_CONVERSION = YES;
				CLANG_WARN_INFINITE_RECURSION = YES;
				CLANG_WARN_INT_CONVERSION = YES;
				CLANG_WARN_NON_LITERAL_NULL_CONVERSION = YES;
				CLANG_WARN_OBJC_IMPLICIT_RETAIN_SELF = YES;
				CLANG_WARN_OBJC_LITERAL_CONVERSION = YES;
				CLANG_WARN_OBJC_ROOT_CLASS = YES_ERROR;
				CLANG_WARN_QUOTED_INCLUDE_IN_FRAMEWORK_HEADER = YES;
				CLANG_WARN_RANGE_LOOP_ANALYSIS = YES;
				CLANG_WARN_STRICT_PROTOTYPES = YES;
				CLANG_WARN_SUSPICIOUS_MOVE = YES;
				CLANG_WARN_UNGUARDED_AVAILABILITY = YES_AGGRESSIVE;
				CLANG_WARN_UNREACHABLE_CODE = YES;
				CLANG_WARN__DUPLICATE_METHOD_MATCH = YES;
				COPY_PHASE_STRIP = NO;
				DEBUG_INFORMATION_FORMAT = "dwarf-with-dsym";
				ENABLE_NS_ASSERTIONS = NO;
				ENABLE_STRICT_OBJC_MSGSEND = YES;
				GCC_C_LANGUAGE_STANDARD = gnu11;
				GCC_NO_COMMON_BLOCKS = YES;
				GCC_WARN_64_TO_32_BIT_CONVERSION = YES;
				GCC_WARN_ABOUT_RETURN_TYPE = YES_ERROR;
				GCC_WARN_UNDECLARED_SELECTOR = YES;
				GCC_WARN_UNINITIALIZED_AUTOS = YES_AGGRESSIVE;
				GCC_WARN_UNUSED_FUNCTION = YES;
				GCC_WARN_UNUSED_VARIABLE = YES;
				IPHONEOS_DEPLOYMENT_TARGET = 13.0;
				MTL_ENABLE_DEBUG_INFO = NO;
				MTL_FAST_MATH = YES;
				SDKROOT = iphoneos;
				SWIFT_COMPILATION_MODE = wholemodule;
				SWIFT_OPTIMIZATION_LEVEL = "-O";
				VALIDATE_PRODUCT = YES;
			};
			name = Release;
		};
		9984B3ED27753D1500EE0888 /* Debug */ = {
			isa = XCBuildConfiguration;
			baseConfigurationReference = 11EBC8300720F530C10D0D4D /* Pods-BreakingNews.debug.xcconfig */;
			buildSettings = {
				ASSETCATALOG_COMPILER_APPICON_NAME = AppIcon;
				ASSETCATALOG_COMPILER_GLOBAL_ACCENT_COLOR_NAME = AccentColor;
				CODE_SIGN_STYLE = Automatic;
				DEVELOPMENT_TEAM = QVCZFS2TP2;
				INFOPLIST_FILE = BreakingNews/SupportingFiles/Plist/Info.plist;
				IPHONEOS_DEPLOYMENT_TARGET = 13.0;
				LD_RUNPATH_SEARCH_PATHS = (
					"$(inherited)",
					"@executable_path/Frameworks",
				);
				PRODUCT_BUNDLE_IDENTIFIER = esma.BreakingNews;
				PRODUCT_NAME = "$(TARGET_NAME)";
				SWIFT_VERSION = 5.0;
				TARGETED_DEVICE_FAMILY = 1;
			};
			name = Debug;
		};
		9984B3EE27753D1500EE0888 /* Release */ = {
			isa = XCBuildConfiguration;
			baseConfigurationReference = 95432E0151E34AC0DB07C475 /* Pods-BreakingNews.release.xcconfig */;
			buildSettings = {
				ASSETCATALOG_COMPILER_APPICON_NAME = AppIcon;
				ASSETCATALOG_COMPILER_GLOBAL_ACCENT_COLOR_NAME = AccentColor;
				CODE_SIGN_STYLE = Automatic;
				DEVELOPMENT_TEAM = QVCZFS2TP2;
				INFOPLIST_FILE = BreakingNews/SupportingFiles/Plist/Info.plist;
				IPHONEOS_DEPLOYMENT_TARGET = 13.0;
				LD_RUNPATH_SEARCH_PATHS = (
					"$(inherited)",
					"@executable_path/Frameworks",
				);
				PRODUCT_BUNDLE_IDENTIFIER = esma.BreakingNews;
				PRODUCT_NAME = "$(TARGET_NAME)";
				SWIFT_VERSION = 5.0;
				TARGETED_DEVICE_FAMILY = 1;
			};
			name = Release;
		};
		9984B3F027753D1500EE0888 /* Debug */ = {
			isa = XCBuildConfiguration;
			baseConfigurationReference = 73B168E15DF4F3EDF1867EA4 /* Pods-BreakingNewsTests.debug.xcconfig */;
			buildSettings = {
				ALWAYS_EMBED_SWIFT_STANDARD_LIBRARIES = YES;
				BUNDLE_LOADER = "$(TEST_HOST)";
				CODE_SIGN_STYLE = Automatic;
				DEVELOPMENT_TEAM = QVCZFS2TP2;
				INFOPLIST_FILE = BreakingNewsTests/Info.plist;
				IPHONEOS_DEPLOYMENT_TARGET = 14.5;
				LD_RUNPATH_SEARCH_PATHS = (
					"$(inherited)",
					"@executable_path/Frameworks",
					"@loader_path/Frameworks",
				);
				PRODUCT_BUNDLE_IDENTIFIER = esma.BreakingNewsTests;
				PRODUCT_NAME = "$(TARGET_NAME)";
				SWIFT_VERSION = 5.0;
				TARGETED_DEVICE_FAMILY = "1,2";
				TEST_HOST = "$(BUILT_PRODUCTS_DIR)/BreakingNews.app/BreakingNews";
			};
			name = Debug;
		};
		9984B3F127753D1500EE0888 /* Release */ = {
			isa = XCBuildConfiguration;
			baseConfigurationReference = 77D186B313FB135D3C0DC3DE /* Pods-BreakingNewsTests.release.xcconfig */;
			buildSettings = {
				ALWAYS_EMBED_SWIFT_STANDARD_LIBRARIES = YES;
				BUNDLE_LOADER = "$(TEST_HOST)";
				CODE_SIGN_STYLE = Automatic;
				DEVELOPMENT_TEAM = QVCZFS2TP2;
				INFOPLIST_FILE = BreakingNewsTests/Info.plist;
				IPHONEOS_DEPLOYMENT_TARGET = 14.5;
				LD_RUNPATH_SEARCH_PATHS = (
					"$(inherited)",
					"@executable_path/Frameworks",
					"@loader_path/Frameworks",
				);
				PRODUCT_BUNDLE_IDENTIFIER = esma.BreakingNewsTests;
				PRODUCT_NAME = "$(TARGET_NAME)";
				SWIFT_VERSION = 5.0;
				TARGETED_DEVICE_FAMILY = "1,2";
				TEST_HOST = "$(BUILT_PRODUCTS_DIR)/BreakingNews.app/BreakingNews";
			};
			name = Release;
		};
		9984B3F327753D1500EE0888 /* Debug */ = {
			isa = XCBuildConfiguration;
			baseConfigurationReference = 8513E3848D53E3A15C964F53 /* Pods-BreakingNews-BreakingNewsUITests.debug.xcconfig */;
			buildSettings = {
				ALWAYS_EMBED_SWIFT_STANDARD_LIBRARIES = YES;
				CODE_SIGN_STYLE = Automatic;
				DEVELOPMENT_TEAM = QVCZFS2TP2;
				INFOPLIST_FILE = BreakingNewsUITests/Info.plist;
				LD_RUNPATH_SEARCH_PATHS = (
					"$(inherited)",
					"@executable_path/Frameworks",
					"@loader_path/Frameworks",
				);
				PRODUCT_BUNDLE_IDENTIFIER = esma.BreakingNewsUITests;
				PRODUCT_NAME = "$(TARGET_NAME)";
				SWIFT_VERSION = 5.0;
				TARGETED_DEVICE_FAMILY = "1,2";
				TEST_TARGET_NAME = BreakingNews;
			};
			name = Debug;
		};
		9984B3F427753D1500EE0888 /* Release */ = {
			isa = XCBuildConfiguration;
			baseConfigurationReference = 9C93357962E5DB6DCAE84C46 /* Pods-BreakingNews-BreakingNewsUITests.release.xcconfig */;
			buildSettings = {
				ALWAYS_EMBED_SWIFT_STANDARD_LIBRARIES = YES;
				CODE_SIGN_STYLE = Automatic;
				DEVELOPMENT_TEAM = QVCZFS2TP2;
				INFOPLIST_FILE = BreakingNewsUITests/Info.plist;
				LD_RUNPATH_SEARCH_PATHS = (
					"$(inherited)",
					"@executable_path/Frameworks",
					"@loader_path/Frameworks",
				);
				PRODUCT_BUNDLE_IDENTIFIER = esma.BreakingNewsUITests;
				PRODUCT_NAME = "$(TARGET_NAME)";
				SWIFT_VERSION = 5.0;
				TARGETED_DEVICE_FAMILY = "1,2";
				TEST_TARGET_NAME = BreakingNews;
			};
			name = Release;
		};
/* End XCBuildConfiguration section */

/* Begin XCConfigurationList section */
		9984B3BD27753D1200EE0888 /* Build configuration list for PBXProject "BreakingNews" */ = {
			isa = XCConfigurationList;
			buildConfigurations = (
				9984B3EA27753D1500EE0888 /* Debug */,
				9984B3EB27753D1500EE0888 /* Release */,
			);
			defaultConfigurationIsVisible = 0;
			defaultConfigurationName = Release;
		};
		9984B3EC27753D1500EE0888 /* Build configuration list for PBXNativeTarget "BreakingNews" */ = {
			isa = XCConfigurationList;
			buildConfigurations = (
				9984B3ED27753D1500EE0888 /* Debug */,
				9984B3EE27753D1500EE0888 /* Release */,
			);
			defaultConfigurationIsVisible = 0;
			defaultConfigurationName = Release;
		};
		9984B3EF27753D1500EE0888 /* Build configuration list for PBXNativeTarget "BreakingNewsTests" */ = {
			isa = XCConfigurationList;
			buildConfigurations = (
				9984B3F027753D1500EE0888 /* Debug */,
				9984B3F127753D1500EE0888 /* Release */,
			);
			defaultConfigurationIsVisible = 0;
			defaultConfigurationName = Release;
		};
		9984B3F227753D1500EE0888 /* Build configuration list for PBXNativeTarget "BreakingNewsUITests" */ = {
			isa = XCConfigurationList;
			buildConfigurations = (
				9984B3F327753D1500EE0888 /* Debug */,
				9984B3F427753D1500EE0888 /* Release */,
			);
			defaultConfigurationIsVisible = 0;
			defaultConfigurationName = Release;
		};
/* End XCConfigurationList section */
	};
	rootObject = 9984B3BA27753D1200EE0888 /* Project object */;
}
